// !$*UTF8*$!
{
	archiveVersion = 1;
	classes = {
	};
	objectVersion = 48;
	objects = {

/* Begin PBXBuildFile section */
		58A607F31F963A1100ADFF7E /* MyWorkerClass.m in Sources */ = {isa = PBXBuildFile; fileRef = 58A607F21F963A1100ADFF7E /* MyWorkerClass.m */; };
		58B20F051F9638C700BDA668 /* AppDelegate.m in Sources */ = {isa = PBXBuildFile; fileRef = 58B20F041F9638C700BDA668 /* AppDelegate.m */; };
		58B20F081F9638C700BDA668 /* ViewController.m in Sources */ = {isa = PBXBuildFile; fileRef = 58B20F071F9638C700BDA668 /* ViewController.m */; };
		58B20F0A1F9638C700BDA668 /* Assets.xcassets in Resources */ = {isa = PBXBuildFile; fileRef = 58B20F091F9638C700BDA668 /* Assets.xcassets */; };
		58B20F0D1F9638C700BDA668 /* Main.storyboard in Resources */ = {isa = PBXBuildFile; fileRef = 58B20F0B1F9638C700BDA668 /* Main.storyboard */; };
		58B20F101F9638C700BDA668 /* main.m in Sources */ = {isa = PBXBuildFile; fileRef = 58B20F0F1F9638C700BDA668 /* main.m */; };
/* End PBXBuildFile section */

/* Begin PBXFileReference section */
		58A607F11F963A1100ADFF7E /* MyWorkerClass.h */ = {isa = PBXFileReference; lastKnownFileType = sourcecode.c.h; path = MyWorkerClass.h; sourceTree = "<group>"; };
		58A607F21F963A1100ADFF7E /* MyWorkerClass.m */ = {isa = PBXFileReference; lastKnownFileType = sourcecode.c.objc; path = MyWorkerClass.m; sourceTree = "<group>"; };
		58B20F001F9638C700BDA668 /* MacRunLoopPortTest.app */ = {isa = PBXFileReference; explicitFileType = wrapper.application; includeInIndex = 0; path = MacRunLoopPortTest.app; sourceTree = BUILT_PRODUCTS_DIR; };
		58B20F031F9638C700BDA668 /* AppDelegate.h */ = {isa = PBXFileReference; lastKnownFileType = sourcecode.c.h; path = AppDelegate.h; sourceTree = "<group>"; };
		58B20F041F9638C700BDA668 /* AppDelegate.m */ = {isa = PBXFileReference; lastKnownFileType = sourcecode.c.objc; path = AppDelegate.m; sourceTree = "<group>"; };
		58B20F061F9638C700BDA668 /* ViewController.h */ = {isa = PBXFileReference; lastKnownFileType = sourcecode.c.h; path = ViewController.h; sourceTree = "<group>"; };
		58B20F071F9638C700BDA668 /* ViewController.m */ = {isa = PBXFileReference; lastKnownFileType = sourcecode.c.objc; path = ViewController.m; sourceTree = "<group>"; };
		58B20F091F9638C700BDA668 /* Assets.xcassets */ = {isa = PBXFileReference; lastKnownFileType = folder.assetcatalog; path = Assets.xcassets; sourceTree = "<group>"; };
		58B20F0C1F9638C700BDA668 /* Base */ = {isa = PBXFileReference; lastKnownFileType = file.storyboard; name = Base; path = Base.lproj/Main.storyboard; sourceTree = "<group>"; };
		58B20F0E1F9638C700BDA668 /* Info.plist */ = {isa = PBXFileReference; lastKnownFileType = text.plist.xml; path = Info.plist; sourceTree = "<group>"; };
		58B20F0F1F9638C700BDA668 /* main.m */ = {isa = PBXFileReference; lastKnownFileType = sourcecode.c.objc; path = main.m; sourceTree = "<group>"; };
		58B20F111F9638C700BDA668 /* MacRunLoopPortTest.entitlements */ = {isa = PBXFileReference; lastKnownFileType = text.plist.entitlements; path = MacRunLoopPortTest.entitlements; sourceTree = "<group>"; };
/* End PBXFileReference section */

/* Begin PBXFrameworksBuildPhase section */
		58B20EFD1F9638C700BDA668 /* Frameworks */ = {
			isa = PBXFrameworksBuildPhase;
			buildActionMask = 2147483647;
			files = (
			);
			runOnlyForDeploymentPostprocessing = 0;
		};
/* End PBXFrameworksBuildPhase section */

/* Begin PBXGroup section */
		58B20EF71F9638C700BDA668 = {
			isa = PBXGroup;
			children = (
				58B20F021F9638C700BDA668 /* MacRunLoopPortTest */,
				58B20F011F9638C700BDA668 /* Products */,
			);
			sourceTree = "<group>";
		};
		58B20F011F9638C700BDA668 /* Products */ = {
			isa = PBXGroup;
			children = (
				58B20F001F9638C700BDA668 /* MacRunLoopPortTest.app */,
			);
			name = Products;
			sourceTree = "<group>";
		};
		58B20F021F9638C700BDA668 /* MacRunLoopPortTest */ = {
			isa = PBXGroup;
			children = (
				58B20F031F9638C700BDA668 /* AppDelegate.h */,
				58B20F041F9638C700BDA668 /* AppDelegate.m */,
				58B20F061F9638C700BDA668 /* ViewController.h */,
				58B20F071F9638C700BDA668 /* ViewController.m */,
				58A607F11F963A1100ADFF7E /* MyWorkerClass.h */,
				58A607F21F963A1100ADFF7E /* MyWorkerClass.m */,
				58B20F091F9638C700BDA668 /* Assets.xcassets */,
				58B20F0B1F9638C700BDA668 /* Main.storyboard */,
				58B20F0E1F9638C700BDA668 /* Info.plist */,
				58B20F0F1F9638C700BDA668 /* main.m */,
				58B20F111F9638C700BDA668 /* MacRunLoopPortTest.entitlements */,
			);
			path = MacRunLoopPortTest;
			sourceTree = "<group>";
		};
/* End PBXGroup section */

/* Begin PBXNativeTarget section */
		58B20EFF1F9638C700BDA668 /* MacRunLoopPortTest */ = {
			isa = PBXNativeTarget;
			buildConfigurationList = 58B20F141F9638C700BDA668 /* Build configuration list for PBXNativeTarget "MacRunLoopPortTest" */;
			buildPhases = (
				58B20EFC1F9638C700BDA668 /* Sources */,
				58B20EFD1F9638C700BDA668 /* Frameworks */,
				58B20EFE1F9638C700BDA668 /* Resources */,
			);
			buildRules = (
			);
			dependencies = (
			);
			name = MacRunLoopPortTest;
			productName = MacRunLoopPortTest;
			productReference = 58B20F001F9638C700BDA668 /* MacRunLoopPortTest.app */;
			productType = "com.apple.product-type.application";
		};
/* End PBXNativeTarget section */

/* Begin PBXProject section */
		58B20EF81F9638C700BDA668 /* Project object */ = {
			isa = PBXProject;
			attributes = {
				LastUpgradeCheck = 0900;
				ORGANIZATIONNAME = "MAC-MiNi";
				TargetAttributes = {
					58B20EFF1F9638C700BDA668 = {
						CreatedOnToolsVersion = 9.0;
						ProvisioningStyle = Automatic;
					};
				};
			};
			buildConfigurationList = 58B20EFB1F9638C700BDA668 /* Build configuration list for PBXProject "MacRunLoopPortTest" */;
			compatibilityVersion = "Xcode 8.0";
			developmentRegion = en;
			hasScannedForEncodings = 0;
			knownRegions = (
				en,
				Base,
			);
			mainGroup = 58B20EF71F9638C700BDA668;
			productRefGroup = 58B20F011F9638C700BDA668 /* Products */;
			projectDirPath = "";
			projectRoot = "";
			targets = (
				58B20EFF1F9638C700BDA668 /* MacRunLoopPortTest */,
			);
		};
/* End PBXProject section */

/* Begin PBXResourcesBuildPhase section */
		58B20EFE1F9638C700BDA668 /* Resources */ = {
			isa = PBXResourcesBuildPhase;
			buildActionMask = 2147483647;
			files = (
				58B20F0A1F9638C700BDA668 /* Assets.xcassets in Resources */,
				58B20F0D1F9638C700BDA668 /* Main.storyboard in Resources */,
			);
			runOnlyForDeploymentPostprocessing = 0;
		};
/* End PBXResourcesBuildPhase section */

/* Begin PBXSourcesBuildPhase section */
		58B20EFC1F9638C700BDA668 /* Sources */ = {
			isa = PBXSourcesBuildPhase;
			buildActionMask = 2147483647;
			files = (
				58A607F31F963A1100ADFF7E /* MyWorkerClass.m in Sources */,
				58B20F081F9638C700BDA668 /* ViewController.m in Sources */,
				58B20F101F9638C700BDA668 /* main.m in Sources */,
				58B20F051F9638C700BDA668 /* AppDelegate.m in Sources */,
			);
			runOnlyForDeploymentPostprocessing = 0;
		};
/* End PBXSourcesBuildPhase section */

/* Begin PBXVariantGroup section */
		58B20F0B1F9638C700BDA668 /* Main.storyboard */ = {
			isa = PBXVariantGroup;
			children = (
				58B20F0C1F9638C700BDA668 /* Base */,
			);
			name = Main.storyboard;
			sourceTree = "<group>";
		};
/* End PBXVariantGroup section */

/* Begin XCBuildConfiguration section */
		58B20F121F9638C700BDA668 /* Debug */ = {
			isa = XCBuildConfiguration;
			buildSettings = {
				ALWAYS_SEARCH_USER_PATHS = NO;
				CLANG_ANALYZER_NONNULL = YES;
				CLANG_ANALYZER_NUMBER_OBJECT_CONVERSION = YES_AGGRESSIVE;
				CLANG_CXX_LANGUAGE_STANDARD = "gnu++14";
				CLANG_CXX_LIBRARY = "libc++";
				CLANG_ENABLE_MODULES = YES;
				CLANG_ENABLE_OBJC_ARC = YES;
				CLANG_WARN_BLOCK_CAPTURE_AUTORELEASING = YES;
				CLANG_WARN_BOOL_CONVERSION = YES;
				CLANG_WARN_COMMA = YES;
				CLANG_WARN_CONSTANT_CONVERSION = YES;
				CLANG_WARN_DIRECT_OBJC_ISA_USAGE = YES_ERROR;
				CLANG_WARN_DOCUMENTATION_COMMENTS = YES;
				CLANG_WARN_EMPTY_BODY = YES;
				CLANG_WARN_ENUM_CONVERSION = YES;
				CLANG_WARN_INFINITE_RECURSION = YES;
				CLANG_WARN_INT_CONVERSION = YES;
				CLANG_WARN_NON_LITERAL_NULL_CONVERSION = YES;
				CLANG_WARN_OBJC_LITERAL_CONVERSION = YES;
				CLANG_WARN_OBJC_ROOT_CLASS = YES_ERROR;
				CLANG_WARN_RANGE_LOOP_ANALYSIS = YES;
				CLANG_WARN_STRICT_PROTOTYPES = YES;
				CLANG_WARN_SUSPICIOUS_MOVE = YES;
				CLANG_WARN_UNGUARDED_AVAILABILITY = YES_AGGRESSIVE;
				CLANG_WARN_UNREACHABLE_CODE = YES;
				CLANG_WARN__DUPLICATE_METHOD_MATCH = YES;
				CODE_SIGN_IDENTITY = "Mac Developer";
				COPY_PHASE_STRIP = NO;
				DEBUG_INFORMATION_FORMAT = dwarf;
				ENABLE_STRICT_OBJC_MSGSEND = YES;
				ENABLE_TESTABILITY = YES;
				GCC_C_LANGUAGE_STANDARD = gnu11;
				GCC_DYNAMIC_NO_PIC = NO;
				GCC_NO_COMMON_BLOCKS = YES;
				GCC_OPTIMIZATION_LEVEL = 0;
				GCC_PREPROCESSOR_DEFINITIONS = (
					"DEBUG=1",
					"$(inherited)",
				);
				GCC_WARN_64_TO_32_BIT_CONVERSION = YES;
				GCC_WARN_ABOUT_RETURN_TYPE = YES_ERROR;
				GCC_WARN_UNDECLARED_SELECTOR = YES;
				GCC_WARN_UNINITIALIZED_AUTOS = YES_AGGRESSIVE;
				GCC_WARN_UNUSED_FUNCTION = YES;
				GCC_WARN_UNUSED_VARIABLE = YES;
				MACOSX_DEPLOYMENT_TARGET = 10.12;
				MTL_ENABLE_DEBUG_INFO = YES;
				ONLY_ACTIVE_ARCH = YES;
				SDKROOT = macosx;
			};
			name = Debug;
		};
		58B20F131F9638C700BDA668 /* Release */ = {
			isa = XCBuildConfiguration;
			buildSettings = {
				ALWAYS_SEARCH_USER_PATHS = NO;
				CLANG_ANALYZER_NONNULL = YES;
				CLANG_ANALYZER_NUMBER_OBJECT_CONVERSION = YES_AGGRESSIVE;
				CLANG_CXX_LANGUAGE_STANDARD = "gnu++14";
				CLANG_CXX_LIBRARY = "libc++";
				CLANG_ENABLE_MODULES = YES;
				CLANG_ENABLE_OBJC_ARC = YES;
				CLANG_WARN_BLOCK_CAPTURE_AUTORELEASING = YES;
				CLANG_WARN_BOOL_CONVERSION = YES;
				CLANG_WARN_COMMA = YES;
				CLANG_WARN_CONSTANT_CONVERSION = YES;
				CLANG_WARN_DIRECT_OBJC_ISA_USAGE = YES_ERROR;
				CLANG_WARN_DOCUMENTATION_COMMENTS = YES;
				CLANG_WARN_EMPTY_BODY = YES;
				CLANG_WARN_ENUM_CONVERSION = YES;
				CLANG_WARN_INFINITE_RECURSION = YES;
				CLANG_WARN_INT_CONVERSION = YES;
				CLANG_WARN_NON_LITERAL_NULL_CONVERSION = YES;
				CLANG_WARN_OBJC_LITERAL_CONVERSION = YES;
				CLANG_WARN_OBJC_ROOT_CLASS = YES_ERROR;
				CLANG_WARN_RANGE_LOOP_ANALYSIS = YES;
				CLANG_WARN_STRICT_PROTOTYPES = YES;
				CLANG_WARN_SUSPICIOUS_MOVE = YES;
				CLANG_WARN_UNGUARDED_AVAILABILITY = YES_AGGRESSIVE;
				CLANG_WARN_UNREACHABLE_CODE = YES;
				CLANG_WARN__DUPLICATE_METHOD_MATCH = YES;
				CODE_SIGN_IDENTITY = "Mac Developer";
				COPY_PHASE_STRIP = NO;
				DEBUG_INFORMATION_FORMAT = "dwarf-with-dsym";
				ENABLE_NS_ASSERTIONS = NO;
				ENABLE_STRICT_OBJC_MSGSEND = YES;
				GCC_C_LANGUAGE_STANDARD = gnu11;
				GCC_NO_COMMON_BLOCKS = YES;
				GCC_WARN_64_TO_32_BIT_CONVERSION = YES;
				GCC_WARN_ABOUT_RETURN_TYPE = YES_ERROR;
				GCC_WARN_UNDECLARED_SELECTOR = YES;
				GCC_WARN_UNINITIALIZED_AUTOS = YES_AGGRESSIVE;
				GCC_WARN_UNUSED_FUNCTION = YES;
				GCC_WARN_UNUSED_VARIABLE = YES;
				MACOSX_DEPLOYMENT_TARGET = 10.12;
				MTL_ENABLE_DEBUG_INFO = NO;
				SDKROOT = macosx;
			};
			name = Release;
		};
		58B20F151F9638C700BDA668 /* Debug */ = {
			isa = XCBuildConfiguration;
			buildSettings = {
				ASSETCATALOG_COMPILER_APPICON_NAME = AppIcon;
				CODE_SIGN_ENTITLEMENTS = MacRunLoopPortTest/MacRunLoopPortTest.entitlements;
				CODE_SIGN_STYLE = Automatic;
				COMBINE_HIDPI_IMAGES = YES;
				DEVELOPMENT_TEAM = 8VXJWE28Q2;
				INFOPLIST_FILE = MacRunLoopPortTest/Info.plist;
				LD_RUNPATH_SEARCH_PATHS = "$(inherited) @executable_path/../Frameworks";
				PRODUCT_BUNDLE_IDENTIFIER = "talk-cloud.MacRunLoopPortTest";
				PRODUCT_NAME = "$(TARGET_NAME)";
			};
			name = Debug;
		};
		58B20F161F9638C700BDA668 /* Release */ = {
			isa = XCBuildConfiguration;
			buildSettings = {
				ASSETCATALOG_COMPILER_APPICON_NAME = AppIcon;
				CODE_SIGN_ENTITLEMENTS = MacRunLoopPortTest/MacRunLoopPortTest.entitlements;
				CODE_SIGN_STYLE = Automatic;
				COMBINE_HIDPI_IMAGES = YES;
				DEVELOPMENT_TEAM = 8VXJWE28Q2;
				INFOPLIST_FILE = MacRunLoopPortTest/Info.plist;
				LD_RUNPATH_SEARCH_PATHS = "$(inherited) @executable_path/../Frameworks";
				PRODUCT_BUNDLE_IDENTIFIER = "talk-cloud.MacRunLoopPortTest";
				PRODUCT_NAME = "$(TARGET_NAME)";
			};
			name = Release;
		};
/* End XCBuildConfiguration section */

/* Begin XCConfigurationList section */
		58B20EFB1F9638C700BDA668 /* Build configuration list for PBXProject "MacRunLoopPortTest" */ = {
			isa = XCConfigurationList;
			buildConfigurations = (
				58B20F121F9638C700BDA668 /* Debug */,
				58B20F131F9638C700BDA668 /* Release */,
			);
			defaultConfigurationIsVisible = 0;
			defaultConfigurationName = Release;
		};
		58B20F141F9638C700BDA668 /* Build configuration list for PBXNativeTarget "MacRunLoopPortTest" */ = {
			isa = XCConfigurationList;
			buildConfigurations = (
				58B20F151F9638C700BDA668 /* Debug */,
				58B20F161F9638C700BDA668 /* Release */,
			);
			defaultConfigurationIsVisible = 0;
			defaultConfigurationName = Release;
		};
/* End XCConfigurationList section */
	};
	rootObject = 58B20EF81F9638C700BDA668 /* Project object */;
}
